// !$*UTF8*$!
{
	archiveVersion = 1;
	classes = {
	};
	objectVersion = 52;
	objects = {

/* Begin PBXBuildFile section */
		8F0DECC52798E424000D4D7E /* AppDelegate.swift in Sources */ = {isa = PBXBuildFile; fileRef = 8F0DECC42798E424000D4D7E /* AppDelegate.swift */; };
		8F0DECC72798E424000D4D7E /* SceneDelegate.swift in Sources */ = {isa = PBXBuildFile; fileRef = 8F0DECC62798E424000D4D7E /* SceneDelegate.swift */; };
		8F0DECC92798E424000D4D7E /* ViewController.swift in Sources */ = {isa = PBXBuildFile; fileRef = 8F0DECC82798E424000D4D7E /* ViewController.swift */; };
		8F0DECCC2798E424000D4D7E /* Main.storyboard in Resources */ = {isa = PBXBuildFile; fileRef = 8F0DECCA2798E424000D4D7E /* Main.storyboard */; };
		8F0DECCE2798E428000D4D7E /* Assets.xcassets in Resources */ = {isa = PBXBuildFile; fileRef = 8F0DECCD2798E428000D4D7E /* Assets.xcassets */; };
		8F0DECD12798E428000D4D7E /* LaunchScreen.storyboard in Resources */ = {isa = PBXBuildFile; fileRef = 8F0DECCF2798E428000D4D7E /* LaunchScreen.storyboard */; };
		8F0DECDA2798E511000D4D7E /* Alamofire in Frameworks */ = {isa = PBXBuildFile; productRef = 8F0DECD92798E511000D4D7E /* Alamofire */; };
		8F0DECDE2798E54F000D4D7E /* Locations.swift in Sources */ = {isa = PBXBuildFile; fileRef = 8F0DECDD2798E54F000D4D7E /* Locations.swift */; };
		8F0DECE02798FCB6000D4D7E /* Pin.swift in Sources */ = {isa = PBXBuildFile; fileRef = 8F0DECDF2798FCB6000D4D7E /* Pin.swift */; };
		8F73E27B279F82E900F92C25 /* PinUser.swift in Sources */ = {isa = PBXBuildFile; fileRef = 8F73E27A279F82E900F92C25 /* PinUser.swift */; };
		8F7F2B35279AF5D000F22F54 /* getLocations.swift in Sources */ = {isa = PBXBuildFile; fileRef = 8F7F2B34279AF5D000F22F54 /* getLocations.swift */; };
		8F7F2B39279B07F200F22F54 /* locationCell.swift in Sources */ = {isa = PBXBuildFile; fileRef = 8F7F2B37279B07F200F22F54 /* locationCell.swift */; };
		8F7F2B3A279B07F200F22F54 /* locationCell.xib in Resources */ = {isa = PBXBuildFile; fileRef = 8F7F2B38279B07F200F22F54 /* locationCell.xib */; };
		8F7F2B3D279B1D8600F22F54 /* SecondViewController.swift in Sources */ = {isa = PBXBuildFile; fileRef = 8F7F2B3C279B1D8600F22F54 /* SecondViewController.swift */; };
		8F7F2B3F279B1DD200F22F54 /* ThirdViewController.swift in Sources */ = {isa = PBXBuildFile; fileRef = 8F7F2B3E279B1DD200F22F54 /* ThirdViewController.swift */; };
/* End PBXBuildFile section */

/* Begin PBXFileReference section */
		8F0DECC12798E424000D4D7E /* LocationsApp.app */ = {isa = PBXFileReference; explicitFileType = wrapper.application; includeInIndex = 0; path = LocationsApp.app; sourceTree = BUILT_PRODUCTS_DIR; };
		8F0DECC42798E424000D4D7E /* AppDelegate.swift */ = {isa = PBXFileReference; lastKnownFileType = sourcecode.swift; path = AppDelegate.swift; sourceTree = "<group>"; };
		8F0DECC62798E424000D4D7E /* SceneDelegate.swift */ = {isa = PBXFileReference; lastKnownFileType = sourcecode.swift; path = SceneDelegate.swift; sourceTree = "<group>"; };
		8F0DECC82798E424000D4D7E /* ViewController.swift */ = {isa = PBXFileReference; lastKnownFileType = sourcecode.swift; path = ViewController.swift; sourceTree = "<group>"; };
		8F0DECCB2798E424000D4D7E /* Base */ = {isa = PBXFileReference; lastKnownFileType = file.storyboard; name = Base; path = Base.lproj/Main.storyboard; sourceTree = "<group>"; };
		8F0DECCD2798E428000D4D7E /* Assets.xcassets */ = {isa = PBXFileReference; lastKnownFileType = folder.assetcatalog; path = Assets.xcassets; sourceTree = "<group>"; };
		8F0DECD02798E428000D4D7E /* Base */ = {isa = PBXFileReference; lastKnownFileType = file.storyboard; name = Base; path = Base.lproj/LaunchScreen.storyboard; sourceTree = "<group>"; };
		8F0DECD22798E428000D4D7E /* Info.plist */ = {isa = PBXFileReference; lastKnownFileType = text.plist.xml; path = Info.plist; sourceTree = "<group>"; };
		8F0DECDD2798E54F000D4D7E /* Locations.swift */ = {isa = PBXFileReference; lastKnownFileType = sourcecode.swift; path = Locations.swift; sourceTree = "<group>"; };
		8F0DECDF2798FCB6000D4D7E /* Pin.swift */ = {isa = PBXFileReference; lastKnownFileType = sourcecode.swift; path = Pin.swift; sourceTree = "<group>"; };
		8F73E27A279F82E900F92C25 /* PinUser.swift */ = {isa = PBXFileReference; lastKnownFileType = sourcecode.swift; name = PinUser.swift; path = ../PinUser.swift; sourceTree = "<group>"; };
		8F7F2B34279AF5D000F22F54 /* getLocations.swift */ = {isa = PBXFileReference; lastKnownFileType = sourcecode.swift; path = getLocations.swift; sourceTree = "<group>"; };
		8F7F2B37279B07F200F22F54 /* locationCell.swift */ = {isa = PBXFileReference; lastKnownFileType = sourcecode.swift; path = locationCell.swift; sourceTree = "<group>"; };
		8F7F2B38279B07F200F22F54 /* locationCell.xib */ = {isa = PBXFileReference; lastKnownFileType = file.xib; path = locationCell.xib; sourceTree = "<group>"; };
		8F7F2B3C279B1D8600F22F54 /* SecondViewController.swift */ = {isa = PBXFileReference; lastKnownFileType = sourcecode.swift; path = SecondViewController.swift; sourceTree = "<group>"; };
		8F7F2B3E279B1DD200F22F54 /* ThirdViewController.swift */ = {isa = PBXFileReference; lastKnownFileType = sourcecode.swift; path = ThirdViewController.swift; sourceTree = "<group>"; };
/* End PBXFileReference section */

/* Begin PBXFrameworksBuildPhase section */
		8F0DECBE2798E424000D4D7E /* Frameworks */ = {
			isa = PBXFrameworksBuildPhase;
			buildActionMask = 2147483647;
			files = (
				8F0DECDA2798E511000D4D7E /* Alamofire in Frameworks */,
			);
			runOnlyForDeploymentPostprocessing = 0;
		};
/* End PBXFrameworksBuildPhase section */

/* Begin PBXGroup section */
		8F0DECB82798E424000D4D7E = {
			isa = PBXGroup;
			children = (
				8F0DECC32798E424000D4D7E /* LocationsApp */,
				8F0DECC22798E424000D4D7E /* Products */,
			);
			sourceTree = "<group>";
		};
		8F0DECC22798E424000D4D7E /* Products */ = {
			isa = PBXGroup;
			children = (
				8F0DECC12798E424000D4D7E /* LocationsApp.app */,
			);
			name = Products;
			sourceTree = "<group>";
		};
		8F0DECC32798E424000D4D7E /* LocationsApp */ = {
			isa = PBXGroup;
			children = (
				8F7F2B36279B078E00F22F54 /* Cell */,
				8F7F2B3B279B1D6400F22F54 /* View */,
				8F0DECDC2798E53D000D4D7E /* Locations */,
				8F0DECC42798E424000D4D7E /* AppDelegate.swift */,
				8F0DECC62798E424000D4D7E /* SceneDelegate.swift */,
				8F0DECDF2798FCB6000D4D7E /* Pin.swift */,
				8F73E27A279F82E900F92C25 /* PinUser.swift */,
				8F0DECCA2798E424000D4D7E /* Main.storyboard */,
				8F0DECCD2798E428000D4D7E /* Assets.xcassets */,
				8F0DECCF2798E428000D4D7E /* LaunchScreen.storyboard */,
				8F0DECD22798E428000D4D7E /* Info.plist */,
			);
			path = LocationsApp;
			sourceTree = "<group>";
		};
		8F0DECDC2798E53D000D4D7E /* Locations */ = {
			isa = PBXGroup;
			children = (
				8F0DECDD2798E54F000D4D7E /* Locations.swift */,
				8F7F2B34279AF5D000F22F54 /* getLocations.swift */,
			);
			path = Locations;
			sourceTree = "<group>";
		};
		8F7F2B36279B078E00F22F54 /* Cell */ = {
			isa = PBXGroup;
			children = (
				8F7F2B37279B07F200F22F54 /* locationCell.swift */,
				8F7F2B38279B07F200F22F54 /* locationCell.xib */,
			);
			path = Cell;
			sourceTree = "<group>";
		};
		8F7F2B3B279B1D6400F22F54 /* View */ = {
			isa = PBXGroup;
			children = (
				8F0DECC82798E424000D4D7E /* ViewController.swift */,
				8F7F2B3C279B1D8600F22F54 /* SecondViewController.swift */,
				8F7F2B3E279B1DD200F22F54 /* ThirdViewController.swift */,
			);
			path = View;
			sourceTree = "<group>";
		};
/* End PBXGroup section */

/* Begin PBXNativeTarget section */
		8F0DECC02798E424000D4D7E /* LocationsApp */ = {
			isa = PBXNativeTarget;
			buildConfigurationList = 8F0DECD52798E428000D4D7E /* Build configuration list for PBXNativeTarget "LocationsApp" */;
			buildPhases = (
				8F0DECBD2798E424000D4D7E /* Sources */,
				8F0DECBE2798E424000D4D7E /* Frameworks */,
				8F0DECBF2798E424000D4D7E /* Resources */,
			);
			buildRules = (
			);
			dependencies = (
			);
			name = LocationsApp;
			packageProductDependencies = (
				8F0DECD92798E511000D4D7E /* Alamofire */,
			);
			productName = LocationsApp;
			productReference = 8F0DECC12798E424000D4D7E /* LocationsApp.app */;
			productType = "com.apple.product-type.application";
		};
/* End PBXNativeTarget section */

/* Begin PBXProject section */
		8F0DECB92798E424000D4D7E /* Project object */ = {
			isa = PBXProject;
			attributes = {
				LastSwiftUpdateCheck = 1130;
				LastUpgradeCheck = 1130;
				ORGANIZATIONNAME = "Camilo Orjuela";
				TargetAttributes = {
					8F0DECC02798E424000D4D7E = {
						CreatedOnToolsVersion = 11.3.1;
					};
				};
			};
			buildConfigurationList = 8F0DECBC2798E424000D4D7E /* Build configuration list for PBXProject "LocationsApp" */;
			compatibilityVersion = "Xcode 9.3";
			developmentRegion = en;
			hasScannedForEncodings = 0;
			knownRegions = (
				en,
				Base,
			);
			mainGroup = 8F0DECB82798E424000D4D7E;
			packageReferences = (
				8F0DECD82798E511000D4D7E /* XCRemoteSwiftPackageReference "Alamofire" */,
			);
			productRefGroup = 8F0DECC22798E424000D4D7E /* Products */;
			projectDirPath = "";
			projectRoot = "";
			targets = (
				8F0DECC02798E424000D4D7E /* LocationsApp */,
			);
		};
/* End PBXProject section */

/* Begin PBXResourcesBuildPhase section */
		8F0DECBF2798E424000D4D7E /* Resources */ = {
			isa = PBXResourcesBuildPhase;
			buildActionMask = 2147483647;
			files = (
				8F0DECD12798E428000D4D7E /* LaunchScreen.storyboard in Resources */,
				8F0DECCE2798E428000D4D7E /* Assets.xcassets in Resources */,
				8F7F2B3A279B07F200F22F54 /* locationCell.xib in Resources */,
				8F0DECCC2798E424000D4D7E /* Main.storyboard in Resources */,
			);
			runOnlyForDeploymentPostprocessing = 0;
		};
/* End PBXResourcesBuildPhase section */

/* Begin PBXSourcesBuildPhase section */
		8F0DECBD2798E424000D4D7E /* Sources */ = {
			isa = PBXSourcesBuildPhase;
			buildActionMask = 2147483647;
			files = (
				8F7F2B3D279B1D8600F22F54 /* SecondViewController.swift in Sources */,
				8F7F2B3F279B1DD200F22F54 /* ThirdViewController.swift in Sources */,
				8F0DECE02798FCB6000D4D7E /* Pin.swift in Sources */,
				8F7F2B35279AF5D000F22F54 /* getLocations.swift in Sources */,
				8F0DECC92798E424000D4D7E /* ViewController.swift in Sources */,
				8F0DECC52798E424000D4D7E /* AppDelegate.swift in Sources */,
				8F0DECDE2798E54F000D4D7E /* Locations.swift in Sources */,
				8F73E27B279F82E900F92C25 /* PinUser.swift in Sources */,
				8F0DECC72798E424000D4D7E /* SceneDelegate.swift in Sources */,
				8F7F2B39279B07F200F22F54 /* locationCell.swift in Sources */,
			);
			runOnlyForDeploymentPostprocessing = 0;
		};
/* End PBXSourcesBuildPhase section */

/* Begin PBXVariantGroup section */
		8F0DECCA2798E424000D4D7E /* Main.storyboard */ = {
			isa = PBXVariantGroup;
			children = (
				8F0DECCB2798E424000D4D7E /* Base */,
			);
			name = Main.storyboard;
			sourceTree = "<group>";
		};
		8F0DECCF2798E428000D4D7E /* LaunchScreen.storyboard */ = {
			isa = PBXVariantGroup;
			children = (
				8F0DECD02798E428000D4D7E /* Base */,
			);
			name = LaunchScreen.storyboard;
			sourceTree = "<group>";
		};
/* End PBXVariantGroup section */

/* Begin XCBuildConfiguration section */
		8F0DECD32798E428000D4D7E /* Debug */ = {
			isa = XCBuildConfiguration;
			buildSettings = {
				ALWAYS_SEARCH_USER_PATHS = NO;
				CLANG_ANALYZER_NONNULL = YES;
				CLANG_ANALYZER_NUMBER_OBJECT_CONVERSION = YES_AGGRESSIVE;
				CLANG_CXX_LANGUAGE_STANDARD = "gnu++14";
				CLANG_CXX_LIBRARY = "libc++";
				CLANG_ENABLE_MODULES = YES;
				CLANG_ENABLE_OBJC_ARC = YES;
				CLANG_ENABLE_OBJC_WEAK = YES;
				CLANG_WARN_BLOCK_CAPTURE_AUTORELEASING = YES;
				CLANG_WARN_BOOL_CONVERSION = YES;
				CLANG_WARN_COMMA = YES;
				CLANG_WARN_CONSTANT_CONVERSION = YES;
				CLANG_WARN_DEPRECATED_OBJC_IMPLEMENTATIONS = YES;
				CLANG_WARN_DIRECT_OBJC_ISA_USAGE = YES_ERROR;
				CLANG_WARN_DOCUMENTATION_COMMENTS = YES;
				CLANG_WARN_EMPTY_BODY = YES;
				CLANG_WARN_ENUM_CONVERSION = YES;
				CLANG_WARN_INFINITE_RECURSION = YES;
				CLANG_WARN_INT_CONVERSION = YES;
				CLANG_WARN_NON_LITERAL_NULL_CONVERSION = YES;
				CLANG_WARN_OBJC_IMPLICIT_RETAIN_SELF = YES;
				CLANG_WARN_OBJC_LITERAL_CONVERSION = YES;
				CLANG_WARN_OBJC_ROOT_CLASS = YES_ERROR;
				CLANG_WARN_RANGE_LOOP_ANALYSIS = YES;
				CLANG_WARN_STRICT_PROTOTYPES = YES;
				CLANG_WARN_SUSPICIOUS_MOVE = YES;
				CLANG_WARN_UNGUARDED_AVAILABILITY = YES_AGGRESSIVE;
				CLANG_WARN_UNREACHABLE_CODE = YES;
				CLANG_WARN__DUPLICATE_METHOD_MATCH = YES;
				COPY_PHASE_STRIP = NO;
				DEBUG_INFORMATION_FORMAT = dwarf;
				ENABLE_STRICT_OBJC_MSGSEND = YES;
				ENABLE_TESTABILITY = YES;
				GCC_C_LANGUAGE_STANDARD = gnu11;
				GCC_DYNAMIC_NO_PIC = NO;
				GCC_NO_COMMON_BLOCKS = YES;
				GCC_OPTIMIZATION_LEVEL = 0;
				GCC_PREPROCESSOR_DEFINITIONS = (
					"DEBUG=1",
					"$(inherited)",
				);
				GCC_WARN_64_TO_32_BIT_CONVERSION = YES;
				GCC_WARN_ABOUT_RETURN_TYPE = YES_ERROR;
				GCC_WARN_UNDECLARED_SELECTOR = YES;
				GCC_WARN_UNINITIALIZED_AUTOS = YES_AGGRESSIVE;
				GCC_WARN_UNUSED_FUNCTION = YES;
				GCC_WARN_UNUSED_VARIABLE = YES;
				IPHONEOS_DEPLOYMENT_TARGET = 13.2;
				MTL_ENABLE_DEBUG_INFO = INCLUDE_SOURCE;
				MTL_FAST_MATH = YES;
				ONLY_ACTIVE_ARCH = YES;
				SDKROOT = iphoneos;
				SWIFT_ACTIVE_COMPILATION_CONDITIONS = DEBUG;
				SWIFT_OPTIMIZATION_LEVEL = "-Onone";
			};
			name = Debug;
		};
		8F0DECD42798E428000D4D7E /* Release */ = {
			isa = XCBuildConfiguration;
			buildSettings = {
				ALWAYS_SEARCH_USER_PATHS = NO;
				CLANG_ANALYZER_NONNULL = YES;
				CLANG_ANALYZER_NUMBER_OBJECT_CONVERSION = YES_AGGRESSIVE;
				CLANG_CXX_LANGUAGE_STANDARD = "gnu++14";
				CLANG_CXX_LIBRARY = "libc++";
				CLANG_ENABLE_MODULES = YES;
				CLANG_ENABLE_OBJC_ARC = YES;
				CLANG_ENABLE_OBJC_WEAK = YES;
				CLANG_WARN_BLOCK_CAPTURE_AUTORELEASING = YES;
				CLANG_WARN_BOOL_CONVERSION = YES;
				CLANG_WARN_COMMA = YES;
				CLANG_WARN_CONSTANT_CONVERSION = YES;
				CLANG_WARN_DEPRECATED_OBJC_IMPLEMENTATIONS = YES;
				CLANG_WARN_DIRECT_OBJC_ISA_USAGE = YES_ERROR;
				CLANG_WARN_DOCUMENTATION_COMMENTS = YES;
				CLANG_WARN_EMPTY_BODY = YES;
				CLANG_WARN_ENUM_CONVERSION = YES;
				CLANG_WARN_INFINITE_RECURSION = YES;
				CLANG_WARN_INT_CONVERSION = YES;
				CLANG_WARN_NON_LITERAL_NULL_CONVERSION = YES;
				CLANG_WARN_OBJC_IMPLICIT_RETAIN_SELF = YES;
				CLANG_WARN_OBJC_LITERAL_CONVERSION = YES;
				CLANG_WARN_OBJC_ROOT_CLASS = YES_ERROR;
				CLANG_WARN_RANGE_LOOP_ANALYSIS = YES;
				CLANG_WARN_STRICT_PROTOTYPES = YES;
				CLANG_WARN_SUSPICIOUS_MOVE = YES;
				CLANG_WARN_UNGUARDED_AVAILABILITY = YES_AGGRESSIVE;
				CLANG_WARN_UNREACHABLE_CODE = YES;
				CLANG_WARN__DUPLICATE_METHOD_MATCH = YES;
				COPY_PHASE_STRIP = NO;
				DEBUG_INFORMATION_FORMAT = "dwarf-with-dsym";
				ENABLE_NS_ASSERTIONS = NO;
				ENABLE_STRICT_OBJC_MSGSEND = YES;
				GCC_C_LANGUAGE_STANDARD = gnu11;
				GCC_NO_COMMON_BLOCKS = YES;
				GCC_WARN_64_TO_32_BIT_CONVERSION = YES;
				GCC_WARN_ABOUT_RETURN_TYPE = YES_ERROR;
				GCC_WARN_UNDECLARED_SELECTOR = YES;
				GCC_WARN_UNINITIALIZED_AUTOS = YES_AGGRESSIVE;
				GCC_WARN_UNUSED_FUNCTION = YES;
				GCC_WARN_UNUSED_VARIABLE = YES;
				IPHONEOS_DEPLOYMENT_TARGET = 13.2;
				MTL_ENABLE_DEBUG_INFO = NO;
				MTL_FAST_MATH = YES;
				SDKROOT = iphoneos;
				SWIFT_COMPILATION_MODE = wholemodule;
				SWIFT_OPTIMIZATION_LEVEL = "-O";
				VALIDATE_PRODUCT = YES;
			};
			name = Release;
		};
		8F0DECD62798E428000D4D7E /* Debug */ = {
			isa = XCBuildConfiguration;
			buildSettings = {
				ASSETCATALOG_COMPILER_APPICON_NAME = AppIcon;
				CODE_SIGN_STYLE = Automatic;
				DEVELOPMENT_TEAM = T98YKXK5TT;
				INFOPLIST_FILE = LocationsApp/Info.plist;
				LD_RUNPATH_SEARCH_PATHS = (
					"$(inherited)",
					"@executable_path/Frameworks",
				);
				PRODUCT_BUNDLE_IDENTIFIER = com.aplicacionesaorjuelah.LocationsApp;
				PRODUCT_NAME = "$(TARGET_NAME)";
				SWIFT_VERSION = 5.0;
				TARGETED_DEVICE_FAMILY = "1,2";
			};
			name = Debug;
		};
		8F0DECD72798E428000D4D7E /* Release */ = {
			isa = XCBuildConfiguration;
			buildSettings = {
				ASSETCATALOG_COMPILER_APPICON_NAME = AppIcon;
				CODE_SIGN_STYLE = Automatic;
				DEVELOPMENT_TEAM = T98YKXK5TT;
				INFOPLIST_FILE = LocationsApp/Info.plist;
				LD_RUNPATH_SEARCH_PATHS = (
					"$(inherited)",
					"@executable_path/Frameworks",
				);
				PRODUCT_BUNDLE_IDENTIFIER = com.aplicacionesaorjuelah.LocationsApp;
				PRODUCT_NAME = "$(TARGET_NAME)";
				SWIFT_VERSION = 5.0;
				TARGETED_DEVICE_FAMILY = "1,2";
			};
			name = Release;
		};
/* End XCBuildConfiguration section */

/* Begin XCConfigurationList section */
		8F0DECBC2798E424000D4D7E /* Build configuration list for PBXProject "LocationsApp" */ = {
			isa = XCConfigurationList;
			buildConfigurations = (
				8F0DECD32798E428000D4D7E /* Debug */,
				8F0DECD42798E428000D4D7E /* Release */,
			);
			defaultConfigurationIsVisible = 0;
			defaultConfigurationName = Release;
		};
		8F0DECD52798E428000D4D7E /* Build configuration list for PBXNativeTarget "LocationsApp" */ = {
			isa = XCConfigurationList;
			buildConfigurations = (
				8F0DECD62798E428000D4D7E /* Debug */,
				8F0DECD72798E428000D4D7E /* Release */,
			);
			defaultConfigurationIsVisible = 0;
			defaultConfigurationName = Release;
		};
/* End XCConfigurationList section */

/* Begin XCRemoteSwiftPackageReference section */
		8F0DECD82798E511000D4D7E /* XCRemoteSwiftPackageReference "Alamofire" */ = {
			isa = XCRemoteSwiftPackageReference;
			repositoryURL = "https://github.com/Alamofire/Alamofire";
			requirement = {
				kind = upToNextMajorVersion;
				minimumVersion = 5.2.0;
			};
		};
/* End XCRemoteSwiftPackageReference section */

/* Begin XCSwiftPackageProductDependency section */
		8F0DECD92798E511000D4D7E /* Alamofire */ = {
			isa = XCSwiftPackageProductDependency;
			package = 8F0DECD82798E511000D4D7E /* XCRemoteSwiftPackageReference "Alamofire" */;
			productName = Alamofire;
		};
/* End XCSwiftPackageProductDependency section */
	};
	rootObject = 8F0DECB92798E424000D4D7E /* Project object */;
}
